// !$*UTF8*$!
{
	archiveVersion = 1;
	classes = {
	};
	objectVersion = 46;
	objects = {

/* Begin PBXBuildFile section */
		0D758FE11A2FFFF60040D2AF /* main.m in Sources */ = {isa = PBXBuildFile; fileRef = 0D758FE01A2FFFF60040D2AF /* main.m */; };
		0D758FE41A2FFFF60040D2AF /* AppDelegate.m in Sources */ = {isa = PBXBuildFile; fileRef = 0D758FE31A2FFFF60040D2AF /* AppDelegate.m */; };
		0D758FE71A2FFFF60040D2AF /* ViewController.m in Sources */ = {isa = PBXBuildFile; fileRef = 0D758FE61A2FFFF60040D2AF /* ViewController.m */; };
		0D758FEA1A2FFFF60040D2AF /* Main.storyboard in Resources */ = {isa = PBXBuildFile; fileRef = 0D758FE81A2FFFF60040D2AF /* Main.storyboard */; };
		0D758FEC1A2FFFF60040D2AF /* Images.xcassets in Resources */ = {isa = PBXBuildFile; fileRef = 0D758FEB1A2FFFF60040D2AF /* Images.xcassets */; };
		0D758FEF1A2FFFF60040D2AF /* LaunchScreen.xib in Resources */ = {isa = PBXBuildFile; fileRef = 0D758FED1A2FFFF60040D2AF /* LaunchScreen.xib */; };
		0D758FFB1A2FFFF60040D2AF /* InstagramPhotoPickerTests.m in Sources */ = {isa = PBXBuildFile; fileRef = 0D758FFA1A2FFFF60040D2AF /* InstagramPhotoPickerTests.m */; };
		4F5C42FE09E46F403A05BFE0 /* libPods.a in Frameworks */ = {isa = PBXBuildFile; fileRef = 68E5B8D6C4E8E10E6BCCAE3A /* libPods.a */; };
		E00995B71BEE480B00EDE0F8 /* OpenGLES.framework in Frameworks */ = {isa = PBXBuildFile; fileRef = E00995B61BEE480B00EDE0F8 /* OpenGLES.framework */; };
		E00995B91BEE481400EDE0F8 /* CoreMedia.framework in Frameworks */ = {isa = PBXBuildFile; fileRef = E00995B81BEE481400EDE0F8 /* CoreMedia.framework */; };
		E00995BB1BEE481C00EDE0F8 /* CoreGraphics.framework in Frameworks */ = {isa = PBXBuildFile; fileRef = E00995BA1BEE481C00EDE0F8 /* CoreGraphics.framework */; };
		E00995BD1BEE482100EDE0F8 /* UIKit.framework in Frameworks */ = {isa = PBXBuildFile; fileRef = E00995BC1BEE482100EDE0F8 /* UIKit.framework */; };
		E00995BF1BEE482C00EDE0F8 /* QuartzCore.framework in Frameworks */ = {isa = PBXBuildFile; fileRef = E00995BE1BEE482C00EDE0F8 /* QuartzCore.framework */; };
		E01351101BEE6849002003EB /* earlybird.jpg in Resources */ = {isa = PBXBuildFile; fileRef = E01351091BEE6849002003EB /* earlybird.jpg */; };
		E01351111BEE6849002003EB /* hudson.jpg in Resources */ = {isa = PBXBuildFile; fileRef = E013510A1BEE6849002003EB /* hudson.jpg */; };
		E01351121BEE6849002003EB /* inkwell.jpg in Resources */ = {isa = PBXBuildFile; fileRef = E013510B1BEE6849002003EB /* inkwell.jpg */; };
		E01351131BEE6849002003EB /* lomofi.jpg in Resources */ = {isa = PBXBuildFile; fileRef = E013510C1BEE6849002003EB /* lomofi.jpg */; };
		E01351141BEE6849002003EB /* normal.jpg in Resources */ = {isa = PBXBuildFile; fileRef = E013510D1BEE6849002003EB /* normal.jpg */; };
		E01351151BEE6849002003EB /* toaster.jpg in Resources */ = {isa = PBXBuildFile; fileRef = E013510E1BEE6849002003EB /* toaster.jpg */; };
		E01351161BEE6849002003EB /* xproii.jpg in Resources */ = {isa = PBXBuildFile; fileRef = E013510F1BEE6849002003EB /* xproii.jpg */; };
		E0C6B2D91BEE4DB000D714FF /* 1977blowout.png in Resources */ = {isa = PBXBuildFile; fileRef = E0C6B2AF1BEE4DB000D714FF /* 1977blowout.png */; };
		E0C6B2DA1BEE4DB000D714FF /* 1977map.png in Resources */ = {isa = PBXBuildFile; fileRef = E0C6B2B01BEE4DB000D714FF /* 1977map.png */; };
		E0C6B2DB1BEE4DB000D714FF /* amaroMap.png in Resources */ = {isa = PBXBuildFile; fileRef = E0C6B2B11BEE4DB000D714FF /* amaroMap.png */; };
		E0C6B2DC1BEE4DB000D714FF /* blackboard1024.png in Resources */ = {isa = PBXBuildFile; fileRef = E0C6B2B21BEE4DB000D714FF /* blackboard1024.png */; };
		E0C6B2DD1BEE4DB000D714FF /* brannanBlowout.png in Resources */ = {isa = PBXBuildFile; fileRef = E0C6B2B31BEE4DB000D714FF /* brannanBlowout.png */; };
		E0C6B2DE1BEE4DB000D714FF /* brannanContrast.png in Resources */ = {isa = PBXBuildFile; fileRef = E0C6B2B41BEE4DB000D714FF /* brannanContrast.png */; };
		E0C6B2DF1BEE4DB000D714FF /* brannanLuma.png in Resources */ = {isa = PBXBuildFile; fileRef = E0C6B2B51BEE4DB000D714FF /* brannanLuma.png */; };
		E0C6B2E01BEE4DB000D714FF /* brannanProcess.png in Resources */ = {isa = PBXBuildFile; fileRef = E0C6B2B61BEE4DB000D714FF /* brannanProcess.png */; };
		E0C6B2E11BEE4DB000D714FF /* brannanScreen.png in Resources */ = {isa = PBXBuildFile; fileRef = E0C6B2B71BEE4DB000D714FF /* brannanScreen.png */; };
		E0C6B2E21BEE4DB000D714FF /* earlybirdBlowout.png in Resources */ = {isa = PBXBuildFile; fileRef = E0C6B2B81BEE4DB000D714FF /* earlybirdBlowout.png */; };
		E0C6B2E31BEE4DB000D714FF /* earlyBirdCurves.png in Resources */ = {isa = PBXBuildFile; fileRef = E0C6B2B91BEE4DB000D714FF /* earlyBirdCurves.png */; };
		E0C6B2E41BEE4DB000D714FF /* earlybirdMap.png in Resources */ = {isa = PBXBuildFile; fileRef = E0C6B2BA1BEE4DB000D714FF /* earlybirdMap.png */; };
		E0C6B2E51BEE4DB000D714FF /* earlybirdOverlayMap.png in Resources */ = {isa = PBXBuildFile; fileRef = E0C6B2BB1BEE4DB000D714FF /* earlybirdOverlayMap.png */; };
		E0C6B2E61BEE4DB000D714FF /* edgeBurn.png in Resources */ = {isa = PBXBuildFile; fileRef = E0C6B2BC1BEE4DB000D714FF /* edgeBurn.png */; };
		E0C6B2E71BEE4DB000D714FF /* hefeGradientMap.png in Resources */ = {isa = PBXBuildFile; fileRef = E0C6B2BD1BEE4DB000D714FF /* hefeGradientMap.png */; };
		E0C6B2E81BEE4DB000D714FF /* hefeMap.png in Resources */ = {isa = PBXBuildFile; fileRef = E0C6B2BE1BEE4DB000D714FF /* hefeMap.png */; };
		E0C6B2E91BEE4DB000D714FF /* hefeMetal.png in Resources */ = {isa = PBXBuildFile; fileRef = E0C6B2BF1BEE4DB000D714FF /* hefeMetal.png */; };
		E0C6B2EA1BEE4DB000D714FF /* hefeSoftLight.png in Resources */ = {isa = PBXBuildFile; fileRef = E0C6B2C01BEE4DB000D714FF /* hefeSoftLight.png */; };
		E0C6B2EB1BEE4DB000D714FF /* hudsonBackground.png in Resources */ = {isa = PBXBuildFile; fileRef = E0C6B2C11BEE4DB000D714FF /* hudsonBackground.png */; };
		E0C6B2EC1BEE4DB000D714FF /* hudsonMap.png in Resources */ = {isa = PBXBuildFile; fileRef = E0C6B2C21BEE4DB000D714FF /* hudsonMap.png */; };
		E0C6B2ED1BEE4DB000D714FF /* inkwellMap.png in Resources */ = {isa = PBXBuildFile; fileRef = E0C6B2C31BEE4DB000D714FF /* inkwellMap.png */; };
		E0C6B2EE1BEE4DB000D714FF /* kelvinMap.png in Resources */ = {isa = PBXBuildFile; fileRef = E0C6B2C41BEE4DB000D714FF /* kelvinMap.png */; };
		E0C6B2EF1BEE4DB000D714FF /* lomoMap.png in Resources */ = {isa = PBXBuildFile; fileRef = E0C6B2C51BEE4DB000D714FF /* lomoMap.png */; };
		E0C6B2F01BEE4DB000D714FF /* nashvilleMap.png in Resources */ = {isa = PBXBuildFile; fileRef = E0C6B2C61BEE4DB000D714FF /* nashvilleMap.png */; };
		E0C6B2F11BEE4DB000D714FF /* overlayMap.png in Resources */ = {isa = PBXBuildFile; fileRef = E0C6B2C71BEE4DB000D714FF /* overlayMap.png */; };
		E0C6B2F21BEE4DB000D714FF /* riseMap.png in Resources */ = {isa = PBXBuildFile; fileRef = E0C6B2C81BEE4DB000D714FF /* riseMap.png */; };
		E0C6B2F31BEE4DB000D714FF /* sierraMap.png in Resources */ = {isa = PBXBuildFile; fileRef = E0C6B2C91BEE4DB000D714FF /* sierraMap.png */; };
		E0C6B2F41BEE4DB000D714FF /* sierraVignette.png in Resources */ = {isa = PBXBuildFile; fileRef = E0C6B2CA1BEE4DB000D714FF /* sierraVignette.png */; };
		E0C6B2F51BEE4DB000D714FF /* softLight.png in Resources */ = {isa = PBXBuildFile; fileRef = E0C6B2CB1BEE4DB000D714FF /* softLight.png */; };
		E0C6B2F61BEE4DB000D714FF /* sutroCurves.png in Resources */ = {isa = PBXBuildFile; fileRef = E0C6B2CC1BEE4DB000D714FF /* sutroCurves.png */; };
		E0C6B2F71BEE4DB000D714FF /* sutroEdgeBurn.png in Resources */ = {isa = PBXBuildFile; fileRef = E0C6B2CD1BEE4DB000D714FF /* sutroEdgeBurn.png */; };
		E0C6B2F81BEE4DB000D714FF /* sutroMetal.png in Resources */ = {isa = PBXBuildFile; fileRef = E0C6B2CE1BEE4DB000D714FF /* sutroMetal.png */; };
		E0C6B2F91BEE4DB000D714FF /* toasterColorShift.png in Resources */ = {isa = PBXBuildFile; fileRef = E0C6B2CF1BEE4DB000D714FF /* toasterColorShift.png */; };
		E0C6B2FA1BEE4DB000D714FF /* toasterCurves.png in Resources */ = {isa = PBXBuildFile; fileRef = E0C6B2D01BEE4DB000D714FF /* toasterCurves.png */; };
		E0C6B2FB1BEE4DB000D714FF /* toasterMetal.png in Resources */ = {isa = PBXBuildFile; fileRef = E0C6B2D11BEE4DB000D714FF /* toasterMetal.png */; };
		E0C6B2FC1BEE4DB000D714FF /* toasterOverlayMapWarm.png in Resources */ = {isa = PBXBuildFile; fileRef = E0C6B2D21BEE4DB000D714FF /* toasterOverlayMapWarm.png */; };
		E0C6B2FD1BEE4DB000D714FF /* toasterSoftLight.png in Resources */ = {isa = PBXBuildFile; fileRef = E0C6B2D31BEE4DB000D714FF /* toasterSoftLight.png */; };
		E0C6B2FE1BEE4DB000D714FF /* valenciaGradientMap.png in Resources */ = {isa = PBXBuildFile; fileRef = E0C6B2D41BEE4DB000D714FF /* valenciaGradientMap.png */; };
		E0C6B2FF1BEE4DB000D714FF /* valenciaMap.png in Resources */ = {isa = PBXBuildFile; fileRef = E0C6B2D51BEE4DB000D714FF /* valenciaMap.png */; };
		E0C6B3001BEE4DB000D714FF /* vignetteMap.png in Resources */ = {isa = PBXBuildFile; fileRef = E0C6B2D61BEE4DB000D714FF /* vignetteMap.png */; };
		E0C6B3011BEE4DB000D714FF /* waldenMap.png in Resources */ = {isa = PBXBuildFile; fileRef = E0C6B2D71BEE4DB000D714FF /* waldenMap.png */; };
		E0C6B3021BEE4DB000D714FF /* xproMap.png in Resources */ = {isa = PBXBuildFile; fileRef = E0C6B2D81BEE4DB000D714FF /* xproMap.png */; };
/* End PBXBuildFile section */

/* Begin PBXContainerItemProxy section */
		0D758FF51A2FFFF60040D2AF /* PBXContainerItemProxy */ = {
			isa = PBXContainerItemProxy;
			containerPortal = 0D758FD31A2FFFF60040D2AF /* Project object */;
			proxyType = 1;
			remoteGlobalIDString = 0D758FDA1A2FFFF60040D2AF;
			remoteInfo = InstagramPhotoPicker;
		};
/* End PBXContainerItemProxy section */

/* Begin PBXFileReference section */
		0D758FDB1A2FFFF60040D2AF /* InstagramPhotoPicker.app */ = {isa = PBXFileReference; explicitFileType = wrapper.application; includeInIndex = 0; path = InstagramPhotoPicker.app; sourceTree = BUILT_PRODUCTS_DIR; };
		0D758FDF1A2FFFF60040D2AF /* Info.plist */ = {isa = PBXFileReference; lastKnownFileType = text.plist.xml; path = Info.plist; sourceTree = "<group>"; };
		0D758FE01A2FFFF60040D2AF /* main.m */ = {isa = PBXFileReference; lastKnownFileType = sourcecode.c.objc; path = main.m; sourceTree = "<group>"; };
		0D758FE21A2FFFF60040D2AF /* AppDelegate.h */ = {isa = PBXFileReference; lastKnownFileType = sourcecode.c.h; path = AppDelegate.h; sourceTree = "<group>"; };
		0D758FE31A2FFFF60040D2AF /* AppDelegate.m */ = {isa = PBXFileReference; lastKnownFileType = sourcecode.c.objc; path = AppDelegate.m; sourceTree = "<group>"; };
		0D758FE51A2FFFF60040D2AF /* ViewController.h */ = {isa = PBXFileReference; lastKnownFileType = sourcecode.c.h; path = ViewController.h; sourceTree = "<group>"; };
		0D758FE61A2FFFF60040D2AF /* ViewController.m */ = {isa = PBXFileReference; lastKnownFileType = sourcecode.c.objc; path = ViewController.m; sourceTree = "<group>"; };
		0D758FE91A2FFFF60040D2AF /* Base */ = {isa = PBXFileReference; lastKnownFileType = file.storyboard; name = Base; path = Base.lproj/Main.storyboard; sourceTree = "<group>"; };
		0D758FEB1A2FFFF60040D2AF /* Images.xcassets */ = {isa = PBXFileReference; lastKnownFileType = folder.assetcatalog; path = Images.xcassets; sourceTree = "<group>"; };
		0D758FEE1A2FFFF60040D2AF /* Base */ = {isa = PBXFileReference; lastKnownFileType = file.xib; name = Base; path = Base.lproj/LaunchScreen.xib; sourceTree = "<group>"; };
		0D758FF41A2FFFF60040D2AF /* InstagramPhotoPickerTests.xctest */ = {isa = PBXFileReference; explicitFileType = wrapper.cfbundle; includeInIndex = 0; path = InstagramPhotoPickerTests.xctest; sourceTree = BUILT_PRODUCTS_DIR; };
		0D758FF91A2FFFF60040D2AF /* Info.plist */ = {isa = PBXFileReference; lastKnownFileType = text.plist.xml; path = Info.plist; sourceTree = "<group>"; };
		0D758FFA1A2FFFF60040D2AF /* InstagramPhotoPickerTests.m */ = {isa = PBXFileReference; lastKnownFileType = sourcecode.c.objc; path = InstagramPhotoPickerTests.m; sourceTree = "<group>"; };
		68E5B8D6C4E8E10E6BCCAE3A /* libPods.a */ = {isa = PBXFileReference; explicitFileType = archive.ar; includeInIndex = 0; path = libPods.a; sourceTree = BUILT_PRODUCTS_DIR; };
		B9ADAC0B5D422DE703B50F16 /* Pods.release.xcconfig */ = {isa = PBXFileReference; includeInIndex = 1; lastKnownFileType = text.xcconfig; name = Pods.release.xcconfig; path = "Pods/Target Support Files/Pods/Pods.release.xcconfig"; sourceTree = "<group>"; };
		C3730FD2E45A1CA4F5040FF3 /* Pods.debug.xcconfig */ = {isa = PBXFileReference; includeInIndex = 1; lastKnownFileType = text.xcconfig; name = Pods.debug.xcconfig; path = "Pods/Target Support Files/Pods/Pods.debug.xcconfig"; sourceTree = "<group>"; };
		E00995B61BEE480B00EDE0F8 /* OpenGLES.framework */ = {isa = PBXFileReference; lastKnownFileType = wrapper.framework; name = OpenGLES.framework; path = System/Library/Frameworks/OpenGLES.framework; sourceTree = SDKROOT; };
		E00995B81BEE481400EDE0F8 /* CoreMedia.framework */ = {isa = PBXFileReference; lastKnownFileType = wrapper.framework; name = CoreMedia.framework; path = System/Library/Frameworks/CoreMedia.framework; sourceTree = SDKROOT; };
		E00995BA1BEE481C00EDE0F8 /* CoreGraphics.framework */ = {isa = PBXFileReference; lastKnownFileType = wrapper.framework; name = CoreGraphics.framework; path = System/Library/Frameworks/CoreGraphics.framework; sourceTree = SDKROOT; };
		E00995BC1BEE482100EDE0F8 /* UIKit.framework */ = {isa = PBXFileReference; lastKnownFileType = wrapper.framework; name = UIKit.framework; path = System/Library/Frameworks/UIKit.framework; sourceTree = SDKROOT; };
		E00995BE1BEE482C00EDE0F8 /* QuartzCore.framework */ = {isa = PBXFileReference; lastKnownFileType = wrapper.framework; name = QuartzCore.framework; path = System/Library/Frameworks/QuartzCore.framework; sourceTree = SDKROOT; };
		E01351091BEE6849002003EB /* earlybird.jpg */ = {isa = PBXFileReference; lastKnownFileType = image.jpeg; path = earlybird.jpg; sourceTree = "<group>"; };
		E013510A1BEE6849002003EB /* hudson.jpg */ = {isa = PBXFileReference; lastKnownFileType = image.jpeg; path = hudson.jpg; sourceTree = "<group>"; };
		E013510B1BEE6849002003EB /* inkwell.jpg */ = {isa = PBXFileReference; lastKnownFileType = image.jpeg; path = inkwell.jpg; sourceTree = "<group>"; };
		E013510C1BEE6849002003EB /* lomofi.jpg */ = {isa = PBXFileReference; lastKnownFileType = image.jpeg; path = lomofi.jpg; sourceTree = "<group>"; };
		E013510D1BEE6849002003EB /* normal.jpg */ = {isa = PBXFileReference; lastKnownFileType = image.jpeg; path = normal.jpg; sourceTree = "<group>"; };
		E013510E1BEE6849002003EB /* toaster.jpg */ = {isa = PBXFileReference; lastKnownFileType = image.jpeg; path = toaster.jpg; sourceTree = "<group>"; };
		E013510F1BEE6849002003EB /* xproii.jpg */ = {isa = PBXFileReference; lastKnownFileType = image.jpeg; path = xproii.jpg; sourceTree = "<group>"; };
		E0C6B2AF1BEE4DB000D714FF /* 1977blowout.png */ = {isa = PBXFileReference; lastKnownFileType = image.png; path = 1977blowout.png; sourceTree = "<group>"; };
		E0C6B2B01BEE4DB000D714FF /* 1977map.png */ = {isa = PBXFileReference; lastKnownFileType = image.png; path = 1977map.png; sourceTree = "<group>"; };
		E0C6B2B11BEE4DB000D714FF /* amaroMap.png */ = {isa = PBXFileReference; lastKnownFileType = image.png; path = amaroMap.png; sourceTree = "<group>"; };
		E0C6B2B21BEE4DB000D714FF /* blackboard1024.png */ = {isa = PBXFileReference; lastKnownFileType = image.png; path = blackboard1024.png; sourceTree = "<group>"; };
		E0C6B2B31BEE4DB000D714FF /* brannanBlowout.png */ = {isa = PBXFileReference; lastKnownFileType = image.png; path = brannanBlowout.png; sourceTree = "<group>"; };
		E0C6B2B41BEE4DB000D714FF /* brannanContrast.png */ = {isa = PBXFileReference; lastKnownFileType = image.png; path = brannanContrast.png; sourceTree = "<group>"; };
		E0C6B2B51BEE4DB000D714FF /* brannanLuma.png */ = {isa = PBXFileReference; lastKnownFileType = image.png; path = brannanLuma.png; sourceTree = "<group>"; };
		E0C6B2B61BEE4DB000D714FF /* brannanProcess.png */ = {isa = PBXFileReference; lastKnownFileType = image.png; path = brannanProcess.png; sourceTree = "<group>"; };
		E0C6B2B71BEE4DB000D714FF /* brannanScreen.png */ = {isa = PBXFileReference; lastKnownFileType = image.png; path = brannanScreen.png; sourceTree = "<group>"; };
		E0C6B2B81BEE4DB000D714FF /* earlybirdBlowout.png */ = {isa = PBXFileReference; lastKnownFileType = image.png; path = earlybirdBlowout.png; sourceTree = "<group>"; };
		E0C6B2B91BEE4DB000D714FF /* earlyBirdCurves.png */ = {isa = PBXFileReference; lastKnownFileType = image.png; path = earlyBirdCurves.png; sourceTree = "<group>"; };
		E0C6B2BA1BEE4DB000D714FF /* earlybirdMap.png */ = {isa = PBXFileReference; lastKnownFileType = image.png; path = earlybirdMap.png; sourceTree = "<group>"; };
		E0C6B2BB1BEE4DB000D714FF /* earlybirdOverlayMap.png */ = {isa = PBXFileReference; lastKnownFileType = image.png; path = earlybirdOverlayMap.png; sourceTree = "<group>"; };
		E0C6B2BC1BEE4DB000D714FF /* edgeBurn.png */ = {isa = PBXFileReference; lastKnownFileType = image.png; path = edgeBurn.png; sourceTree = "<group>"; };
		E0C6B2BD1BEE4DB000D714FF /* hefeGradientMap.png */ = {isa = PBXFileReference; lastKnownFileType = image.png; path = hefeGradientMap.png; sourceTree = "<group>"; };
		E0C6B2BE1BEE4DB000D714FF /* hefeMap.png */ = {isa = PBXFileReference; lastKnownFileType = image.png; path = hefeMap.png; sourceTree = "<group>"; };
		E0C6B2BF1BEE4DB000D714FF /* hefeMetal.png */ = {isa = PBXFileReference; lastKnownFileType = image.png; path = hefeMetal.png; sourceTree = "<group>"; };
		E0C6B2C01BEE4DB000D714FF /* hefeSoftLight.png */ = {isa = PBXFileReference; lastKnownFileType = image.png; path = hefeSoftLight.png; sourceTree = "<group>"; };
		E0C6B2C11BEE4DB000D714FF /* hudsonBackground.png */ = {isa = PBXFileReference; lastKnownFileType = image.png; path = hudsonBackground.png; sourceTree = "<group>"; };
		E0C6B2C21BEE4DB000D714FF /* hudsonMap.png */ = {isa = PBXFileReference; lastKnownFileType = image.png; path = hudsonMap.png; sourceTree = "<group>"; };
		E0C6B2C31BEE4DB000D714FF /* inkwellMap.png */ = {isa = PBXFileReference; lastKnownFileType = image.png; path = inkwellMap.png; sourceTree = "<group>"; };
		E0C6B2C41BEE4DB000D714FF /* kelvinMap.png */ = {isa = PBXFileReference; lastKnownFileType = image.png; path = kelvinMap.png; sourceTree = "<group>"; };
		E0C6B2C51BEE4DB000D714FF /* lomoMap.png */ = {isa = PBXFileReference; lastKnownFileType = image.png; path = lomoMap.png; sourceTree = "<group>"; };
		E0C6B2C61BEE4DB000D714FF /* nashvilleMap.png */ = {isa = PBXFileReference; lastKnownFileType = image.png; path = nashvilleMap.png; sourceTree = "<group>"; };
		E0C6B2C71BEE4DB000D714FF /* overlayMap.png */ = {isa = PBXFileReference; lastKnownFileType = image.png; path = overlayMap.png; sourceTree = "<group>"; };
		E0C6B2C81BEE4DB000D714FF /* riseMap.png */ = {isa = PBXFileReference; lastKnownFileType = image.png; path = riseMap.png; sourceTree = "<group>"; };
		E0C6B2C91BEE4DB000D714FF /* sierraMap.png */ = {isa = PBXFileReference; lastKnownFileType = image.png; path = sierraMap.png; sourceTree = "<group>"; };
		E0C6B2CA1BEE4DB000D714FF /* sierraVignette.png */ = {isa = PBXFileReference; lastKnownFileType = image.png; path = sierraVignette.png; sourceTree = "<group>"; };
		E0C6B2CB1BEE4DB000D714FF /* softLight.png */ = {isa = PBXFileReference; lastKnownFileType = image.png; path = softLight.png; sourceTree = "<group>"; };
		E0C6B2CC1BEE4DB000D714FF /* sutroCurves.png */ = {isa = PBXFileReference; lastKnownFileType = image.png; path = sutroCurves.png; sourceTree = "<group>"; };
		E0C6B2CD1BEE4DB000D714FF /* sutroEdgeBurn.png */ = {isa = PBXFileReference; lastKnownFileType = image.png; path = sutroEdgeBurn.png; sourceTree = "<group>"; };
		E0C6B2CE1BEE4DB000D714FF /* sutroMetal.png */ = {isa = PBXFileReference; lastKnownFileType = image.png; path = sutroMetal.png; sourceTree = "<group>"; };
		E0C6B2CF1BEE4DB000D714FF /* toasterColorShift.png */ = {isa = PBXFileReference; lastKnownFileType = image.png; path = toasterColorShift.png; sourceTree = "<group>"; };
		E0C6B2D01BEE4DB000D714FF /* toasterCurves.png */ = {isa = PBXFileReference; lastKnownFileType = image.png; path = toasterCurves.png; sourceTree = "<group>"; };
		E0C6B2D11BEE4DB000D714FF /* toasterMetal.png */ = {isa = PBXFileReference; lastKnownFileType = image.png; path = toasterMetal.png; sourceTree = "<group>"; };
		E0C6B2D21BEE4DB000D714FF /* toasterOverlayMapWarm.png */ = {isa = PBXFileReference; lastKnownFileType = image.png; path = toasterOverlayMapWarm.png; sourceTree = "<group>"; };
		E0C6B2D31BEE4DB000D714FF /* toasterSoftLight.png */ = {isa = PBXFileReference; lastKnownFileType = image.png; path = toasterSoftLight.png; sourceTree = "<group>"; };
		E0C6B2D41BEE4DB000D714FF /* valenciaGradientMap.png */ = {isa = PBXFileReference; lastKnownFileType = image.png; path = valenciaGradientMap.png; sourceTree = "<group>"; };
		E0C6B2D51BEE4DB000D714FF /* valenciaMap.png */ = {isa = PBXFileReference; lastKnownFileType = image.png; path = valenciaMap.png; sourceTree = "<group>"; };
		E0C6B2D61BEE4DB000D714FF /* vignetteMap.png */ = {isa = PBXFileReference; lastKnownFileType = image.png; path = vignetteMap.png; sourceTree = "<group>"; };
		E0C6B2D71BEE4DB000D714FF /* waldenMap.png */ = {isa = PBXFileReference; lastKnownFileType = image.png; path = waldenMap.png; sourceTree = "<group>"; };
		E0C6B2D81BEE4DB000D714FF /* xproMap.png */ = {isa = PBXFileReference; lastKnownFileType = image.png; path = xproMap.png; sourceTree = "<group>"; };
/* End PBXFileReference section */

/* Begin PBXFrameworksBuildPhase section */
		0D758FD81A2FFFF60040D2AF /* Frameworks */ = {
			isa = PBXFrameworksBuildPhase;
			buildActionMask = 2147483647;
			files = (
				E00995BF1BEE482C00EDE0F8 /* QuartzCore.framework in Frameworks */,
				E00995BD1BEE482100EDE0F8 /* UIKit.framework in Frameworks */,
				E00995BB1BEE481C00EDE0F8 /* CoreGraphics.framework in Frameworks */,
				E00995B91BEE481400EDE0F8 /* CoreMedia.framework in Frameworks */,
				E00995B71BEE480B00EDE0F8 /* OpenGLES.framework in Frameworks */,
				4F5C42FE09E46F403A05BFE0 /* libPods.a in Frameworks */,
			);
			runOnlyForDeploymentPostprocessing = 0;
		};
		0D758FF11A2FFFF60040D2AF /* Frameworks */ = {
			isa = PBXFrameworksBuildPhase;
			buildActionMask = 2147483647;
			files = (
			);
			runOnlyForDeploymentPostprocessing = 0;
		};
/* End PBXFrameworksBuildPhase section */

/* Begin PBXGroup section */
		0D758FD21A2FFFF60040D2AF = {
			isa = PBXGroup;
			children = (
				0D758FDD1A2FFFF60040D2AF /* InstagramPhotoPicker */,
				0D758FF71A2FFFF60040D2AF /* InstagramPhotoPickerTests */,
				0D758FDC1A2FFFF60040D2AF /* Products */,
				4F077162F08F2116F7729956 /* Pods */,
				1D55894879AEE473796C3274 /* Frameworks */,
			);
			sourceTree = "<group>";
		};
		0D758FDC1A2FFFF60040D2AF /* Products */ = {
			isa = PBXGroup;
			children = (
				0D758FDB1A2FFFF60040D2AF /* InstagramPhotoPicker.app */,
				0D758FF41A2FFFF60040D2AF /* InstagramPhotoPickerTests.xctest */,
			);
			name = Products;
			sourceTree = "<group>";
		};
		0D758FDD1A2FFFF60040D2AF /* InstagramPhotoPicker */ = {
			isa = PBXGroup;
			children = (
				E0C6B2AE1BEE4DB000D714FF /* Resources_for_IF_Filters */,
				0D758FE21A2FFFF60040D2AF /* AppDelegate.h */,
				0D758FE31A2FFFF60040D2AF /* AppDelegate.m */,
				0D758FE51A2FFFF60040D2AF /* ViewController.h */,
				0D758FE61A2FFFF60040D2AF /* ViewController.m */,
				0D758FE81A2FFFF60040D2AF /* Main.storyboard */,
				0D758FEB1A2FFFF60040D2AF /* Images.xcassets */,
				0D758FED1A2FFFF60040D2AF /* LaunchScreen.xib */,
				0D758FDE1A2FFFF60040D2AF /* Supporting Files */,
			);
			path = InstagramPhotoPicker;
			sourceTree = "<group>";
		};
		0D758FDE1A2FFFF60040D2AF /* Supporting Files */ = {
			isa = PBXGroup;
			children = (
				0D758FDF1A2FFFF60040D2AF /* Info.plist */,
				0D758FE01A2FFFF60040D2AF /* main.m */,
			);
			name = "Supporting Files";
			sourceTree = "<group>";
		};
		0D758FF71A2FFFF60040D2AF /* InstagramPhotoPickerTests */ = {
			isa = PBXGroup;
			children = (
				0D758FFA1A2FFFF60040D2AF /* InstagramPhotoPickerTests.m */,
				0D758FF81A2FFFF60040D2AF /* Supporting Files */,
			);
			path = InstagramPhotoPickerTests;
			sourceTree = "<group>";
		};
		0D758FF81A2FFFF60040D2AF /* Supporting Files */ = {
			isa = PBXGroup;
			children = (
				0D758FF91A2FFFF60040D2AF /* Info.plist */,
			);
			name = "Supporting Files";
			sourceTree = "<group>";
		};
		1D55894879AEE473796C3274 /* Frameworks */ = {
			isa = PBXGroup;
			children = (
				E00995BE1BEE482C00EDE0F8 /* QuartzCore.framework */,
				E00995BC1BEE482100EDE0F8 /* UIKit.framework */,
				E00995BA1BEE481C00EDE0F8 /* CoreGraphics.framework */,
				E00995B81BEE481400EDE0F8 /* CoreMedia.framework */,
				E00995B61BEE480B00EDE0F8 /* OpenGLES.framework */,
				68E5B8D6C4E8E10E6BCCAE3A /* libPods.a */,
			);
			name = Frameworks;
			sourceTree = "<group>";
		};
		4F077162F08F2116F7729956 /* Pods */ = {
			isa = PBXGroup;
			children = (
				C3730FD2E45A1CA4F5040FF3 /* Pods.debug.xcconfig */,
				B9ADAC0B5D422DE703B50F16 /* Pods.release.xcconfig */,
			);
			name = Pods;
			sourceTree = "<group>";
		};
		E01351081BEE6849002003EB /* filterIcon */ = {
			isa = PBXGroup;
			children = (
				E01351091BEE6849002003EB /* earlybird.jpg */,
				E013510A1BEE6849002003EB /* hudson.jpg */,
				E013510B1BEE6849002003EB /* inkwell.jpg */,
				E013510C1BEE6849002003EB /* lomofi.jpg */,
				E013510D1BEE6849002003EB /* normal.jpg */,
				E013510E1BEE6849002003EB /* toaster.jpg */,
				E013510F1BEE6849002003EB /* xproii.jpg */,
			);
			name = filterIcon;
			path = ../filterIcon;
			sourceTree = "<group>";
		};
		E0C6B2AE1BEE4DB000D714FF /* Resources_for_IF_Filters */ = {
			isa = PBXGroup;
			children = (
				E01351081BEE6849002003EB /* filterIcon */,
				E0C6B2AF1BEE4DB000D714FF /* 1977blowout.png */,
				E0C6B2B01BEE4DB000D714FF /* 1977map.png */,
				E0C6B2B11BEE4DB000D714FF /* amaroMap.png */,
				E0C6B2B21BEE4DB000D714FF /* blackboard1024.png */,
				E0C6B2B31BEE4DB000D714FF /* brannanBlowout.png */,
				E0C6B2B41BEE4DB000D714FF /* brannanContrast.png */,
				E0C6B2B51BEE4DB000D714FF /* brannanLuma.png */,
				E0C6B2B61BEE4DB000D714FF /* brannanProcess.png */,
				E0C6B2B71BEE4DB000D714FF /* brannanScreen.png */,
				E0C6B2B81BEE4DB000D714FF /* earlybirdBlowout.png */,
				E0C6B2B91BEE4DB000D714FF /* earlyBirdCurves.png */,
				E0C6B2BA1BEE4DB000D714FF /* earlybirdMap.png */,
				E0C6B2BB1BEE4DB000D714FF /* earlybirdOverlayMap.png */,
				E0C6B2BC1BEE4DB000D714FF /* edgeBurn.png */,
				E0C6B2BD1BEE4DB000D714FF /* hefeGradientMap.png */,
				E0C6B2BE1BEE4DB000D714FF /* hefeMap.png */,
				E0C6B2BF1BEE4DB000D714FF /* hefeMetal.png */,
				E0C6B2C01BEE4DB000D714FF /* hefeSoftLight.png */,
				E0C6B2C11BEE4DB000D714FF /* hudsonBackground.png */,
				E0C6B2C21BEE4DB000D714FF /* hudsonMap.png */,
				E0C6B2C31BEE4DB000D714FF /* inkwellMap.png */,
				E0C6B2C41BEE4DB000D714FF /* kelvinMap.png */,
				E0C6B2C51BEE4DB000D714FF /* lomoMap.png */,
				E0C6B2C61BEE4DB000D714FF /* nashvilleMap.png */,
				E0C6B2C71BEE4DB000D714FF /* overlayMap.png */,
				E0C6B2C81BEE4DB000D714FF /* riseMap.png */,
				E0C6B2C91BEE4DB000D714FF /* sierraMap.png */,
				E0C6B2CA1BEE4DB000D714FF /* sierraVignette.png */,
				E0C6B2CB1BEE4DB000D714FF /* softLight.png */,
				E0C6B2CC1BEE4DB000D714FF /* sutroCurves.png */,
				E0C6B2CD1BEE4DB000D714FF /* sutroEdgeBurn.png */,
				E0C6B2CE1BEE4DB000D714FF /* sutroMetal.png */,
				E0C6B2CF1BEE4DB000D714FF /* toasterColorShift.png */,
				E0C6B2D01BEE4DB000D714FF /* toasterCurves.png */,
				E0C6B2D11BEE4DB000D714FF /* toasterMetal.png */,
				E0C6B2D21BEE4DB000D714FF /* toasterOverlayMapWarm.png */,
				E0C6B2D31BEE4DB000D714FF /* toasterSoftLight.png */,
				E0C6B2D41BEE4DB000D714FF /* valenciaGradientMap.png */,
				E0C6B2D51BEE4DB000D714FF /* valenciaMap.png */,
				E0C6B2D61BEE4DB000D714FF /* vignetteMap.png */,
				E0C6B2D71BEE4DB000D714FF /* waldenMap.png */,
				E0C6B2D81BEE4DB000D714FF /* xproMap.png */,
			);
			name = Resources_for_IF_Filters;
			path = ../../TWPhotoPicker/instagramFilter/Resources_for_IF_Filters;
			sourceTree = "<group>";
		};
/* End PBXGroup section */

/* Begin PBXNativeTarget section */
		0D758FDA1A2FFFF60040D2AF /* InstagramPhotoPicker */ = {
			isa = PBXNativeTarget;
			buildConfigurationList = 0D758FFE1A2FFFF60040D2AF /* Build configuration list for PBXNativeTarget "InstagramPhotoPicker" */;
			buildPhases = (
				0DA35720908D806F52B5B303 /* Check Pods Manifest.lock */,
				0D758FD71A2FFFF60040D2AF /* Sources */,
				0D758FD81A2FFFF60040D2AF /* Frameworks */,
				0D758FD91A2FFFF60040D2AF /* Resources */,
				8AA6121B217770F6F06E6DD8 /* Copy Pods Resources */,
			);
			buildRules = (
			);
			dependencies = (
			);
			name = InstagramPhotoPicker;
			productName = InstagramPhotoPicker;
			productReference = 0D758FDB1A2FFFF60040D2AF /* InstagramPhotoPicker.app */;
			productType = "com.apple.product-type.application";
		};
		0D758FF31A2FFFF60040D2AF /* InstagramPhotoPickerTests */ = {
			isa = PBXNativeTarget;
			buildConfigurationList = 0D7590011A2FFFF60040D2AF /* Build configuration list for PBXNativeTarget "InstagramPhotoPickerTests" */;
			buildPhases = (
				0D758FF01A2FFFF60040D2AF /* Sources */,
				0D758FF11A2FFFF60040D2AF /* Frameworks */,
				0D758FF21A2FFFF60040D2AF /* Resources */,
			);
			buildRules = (
			);
			dependencies = (
				0D758FF61A2FFFF60040D2AF /* PBXTargetDependency */,
			);
			name = InstagramPhotoPickerTests;
			productName = InstagramPhotoPickerTests;
			productReference = 0D758FF41A2FFFF60040D2AF /* InstagramPhotoPickerTests.xctest */;
			productType = "com.apple.product-type.bundle.unit-test";
		};
/* End PBXNativeTarget section */

/* Begin PBXProject section */
		0D758FD31A2FFFF60040D2AF /* Project object */ = {
			isa = PBXProject;
			attributes = {
				LastUpgradeCheck = 0610;
				ORGANIZATIONNAME = wenzhaot;
				TargetAttributes = {
					0D758FDA1A2FFFF60040D2AF = {
						CreatedOnToolsVersion = 6.1.1;
					};
					0D758FF31A2FFFF60040D2AF = {
						CreatedOnToolsVersion = 6.1.1;
						TestTargetID = 0D758FDA1A2FFFF60040D2AF;
					};
				};
			};
			buildConfigurationList = 0D758FD61A2FFFF60040D2AF /* Build configuration list for PBXProject "InstagramPhotoPicker" */;
			compatibilityVersion = "Xcode 3.2";
			developmentRegion = English;
			hasScannedForEncodings = 0;
			knownRegions = (
				en,
				Base,
			);
			mainGroup = 0D758FD21A2FFFF60040D2AF;
			productRefGroup = 0D758FDC1A2FFFF60040D2AF /* Products */;
			projectDirPath = "";
			projectRoot = "";
			targets = (
				0D758FDA1A2FFFF60040D2AF /* InstagramPhotoPicker */,
				0D758FF31A2FFFF60040D2AF /* InstagramPhotoPickerTests */,
			);
		};
/* End PBXProject section */

/* Begin PBXResourcesBuildPhase section */
		0D758FD91A2FFFF60040D2AF /* Resources */ = {
			isa = PBXResourcesBuildPhase;
			buildActionMask = 2147483647;
			files = (
				E0C6B2E11BEE4DB000D714FF /* brannanScreen.png in Resources */,
				E0C6B2DE1BEE4DB000D714FF /* brannanContrast.png in Resources */,
				E0C6B2DF1BEE4DB000D714FF /* brannanLuma.png in Resources */,
				E0C6B2F41BEE4DB000D714FF /* sierraVignette.png in Resources */,
				0D758FEA1A2FFFF60040D2AF /* Main.storyboard in Resources */,
				E0C6B2FE1BEE4DB000D714FF /* valenciaGradientMap.png in Resources */,
				E01351141BEE6849002003EB /* normal.jpg in Resources */,
				E01351151BEE6849002003EB /* toaster.jpg in Resources */,
				E0C6B2EE1BEE4DB000D714FF /* kelvinMap.png in Resources */,
				E01351131BEE6849002003EB /* lomofi.jpg in Resources */,
				E0C6B2DD1BEE4DB000D714FF /* brannanBlowout.png in Resources */,
				E0C6B2E41BEE4DB000D714FF /* earlybirdMap.png in Resources */,
				E0C6B2FF1BEE4DB000D714FF /* valenciaMap.png in Resources */,
				E0C6B2EC1BEE4DB000D714FF /* hudsonMap.png in Resources */,
				E0C6B2FC1BEE4DB000D714FF /* toasterOverlayMapWarm.png in Resources */,
				E0C6B2F21BEE4DB000D714FF /* riseMap.png in Resources */,
				E0C6B2E21BEE4DB000D714FF /* earlybirdBlowout.png in Resources */,
				E0C6B2E91BEE4DB000D714FF /* hefeMetal.png in Resources */,
				E0C6B3021BEE4DB000D714FF /* xproMap.png in Resources */,
				E01351101BEE6849002003EB /* earlybird.jpg in Resources */,
				E0C6B2FA1BEE4DB000D714FF /* toasterCurves.png in Resources */,
				E0C6B2DA1BEE4DB000D714FF /* 1977map.png in Resources */,
				E0C6B2E51BEE4DB000D714FF /* earlybirdOverlayMap.png in Resources */,
				E0C6B2EB1BEE4DB000D714FF /* hudsonBackground.png in Resources */,
				E01351161BEE6849002003EB /* xproii.jpg in Resources */,
				E0C6B2F11BEE4DB000D714FF /* overlayMap.png in Resources */,
				E0C6B2F01BEE4DB000D714FF /* nashvilleMap.png in Resources */,
				E0C6B3011BEE4DB000D714FF /* waldenMap.png in Resources */,
				E0C6B2F71BEE4DB000D714FF /* sutroEdgeBurn.png in Resources */,
				E0C6B2DC1BEE4DB000D714FF /* blackboard1024.png in Resources */,
				E0C6B2ED1BEE4DB000D714FF /* inkwellMap.png in Resources */,
				E0C6B2E31BEE4DB000D714FF /* earlyBirdCurves.png in Resources */,
				E0C6B2F51BEE4DB000D714FF /* softLight.png in Resources */,
				0D758FEF1A2FFFF60040D2AF /* LaunchScreen.xib in Resources */,
				E0C6B2EF1BEE4DB000D714FF /* lomoMap.png in Resources */,
				E0C6B2E71BEE4DB000D714FF /* hefeGradientMap.png in Resources */,
				E01351121BEE6849002003EB /* inkwell.jpg in Resources */,
				E0C6B2E01BEE4DB000D714FF /* brannanProcess.png in Resources */,
				E0C6B2DB1BEE4DB000D714FF /* amaroMap.png in Resources */,
				E0C6B2FD1BEE4DB000D714FF /* toasterSoftLight.png in Resources */,
				E0C6B2D91BEE4DB000D714FF /* 1977blowout.png in Resources */,
				0D758FEC1A2FFFF60040D2AF /* Images.xcassets in Resources */,
				E01351111BEE6849002003EB /* hudson.jpg in Resources */,
				E0C6B2E61BEE4DB000D714FF /* edgeBurn.png in Resources */,
				E0C6B2F81BEE4DB000D714FF /* sutroMetal.png in Resources */,
				E0C6B2F61BEE4DB000D714FF /* sutroCurves.png in Resources */,
				E0C6B2EA1BEE4DB000D714FF /* hefeSoftLight.png in Resources */,
				E0C6B2F31BEE4DB000D714FF /* sierraMap.png in Resources */,
				E0C6B3001BEE4DB000D714FF /* vignetteMap.png in Resources */,
				E0C6B2E81BEE4DB000D714FF /* hefeMap.png in Resources */,
				E0C6B2FB1BEE4DB000D714FF /* toasterMetal.png in Resources */,
				E0C6B2F91BEE4DB000D714FF /* toasterColorShift.png in Resources */,
			);
			runOnlyForDeploymentPostprocessing = 0;
		};
		0D758FF21A2FFFF60040D2AF /* Resources */ = {
			isa = PBXResourcesBuildPhase;
			buildActionMask = 2147483647;
			files = (
			);
			runOnlyForDeploymentPostprocessing = 0;
		};
/* End PBXResourcesBuildPhase section */

/* Begin PBXShellScriptBuildPhase section */
		0DA35720908D806F52B5B303 /* Check Pods Manifest.lock */ = {
			isa = PBXShellScriptBuildPhase;
			buildActionMask = 2147483647;
			files = (
			);
			inputPaths = (
			);
			name = "Check Pods Manifest.lock";
			outputPaths = (
			);
			runOnlyForDeploymentPostprocessing = 0;
			shellPath = /bin/sh;
			shellScript = "diff \"${PODS_ROOT}/../Podfile.lock\" \"${PODS_ROOT}/Manifest.lock\" > /dev/null\nif [[ $? != 0 ]] ; then\n    cat << EOM\nerror: The sandbox is not in sync with the Podfile.lock. Run 'pod install' or update your CocoaPods installation.\nEOM\n    exit 1\nfi\n";
			showEnvVarsInLog = 0;
		};
		8AA6121B217770F6F06E6DD8 /* Copy Pods Resources */ = {
			isa = PBXShellScriptBuildPhase;
			buildActionMask = 2147483647;
			files = (
			);
			inputPaths = (
			);
			name = "Copy Pods Resources";
			outputPaths = (
			);
			runOnlyForDeploymentPostprocessing = 0;
			shellPath = /bin/sh;
			shellScript = "\"${SRCROOT}/Pods/Target Support Files/Pods/Pods-resources.sh\"\n";
			showEnvVarsInLog = 0;
		};
/* End PBXShellScriptBuildPhase section */

/* Begin PBXSourcesBuildPhase section */
		0D758FD71A2FFFF60040D2AF /* Sources */ = {
			isa = PBXSourcesBuildPhase;
			buildActionMask = 2147483647;
			files = (
				0D758FE71A2FFFF60040D2AF /* ViewController.m in Sources */,
				0D758FE41A2FFFF60040D2AF /* AppDelegate.m in Sources */,
				0D758FE11A2FFFF60040D2AF /* main.m in Sources */,
			);
			runOnlyForDeploymentPostprocessing = 0;
		};
		0D758FF01A2FFFF60040D2AF /* Sources */ = {
			isa = PBXSourcesBuildPhase;
			buildActionMask = 2147483647;
			files = (
				0D758FFB1A2FFFF60040D2AF /* InstagramPhotoPickerTests.m in Sources */,
			);
			runOnlyForDeploymentPostprocessing = 0;
		};
/* End PBXSourcesBuildPhase section */

/* Begin PBXTargetDependency section */
		0D758FF61A2FFFF60040D2AF /* PBXTargetDependency */ = {
			isa = PBXTargetDependency;
			target = 0D758FDA1A2FFFF60040D2AF /* InstagramPhotoPicker */;
			targetProxy = 0D758FF51A2FFFF60040D2AF /* PBXContainerItemProxy */;
		};
/* End PBXTargetDependency section */

/* Begin PBXVariantGroup section */
		0D758FE81A2FFFF60040D2AF /* Main.storyboard */ = {
			isa = PBXVariantGroup;
			children = (
				0D758FE91A2FFFF60040D2AF /* Base */,
			);
			name = Main.storyboard;
			sourceTree = "<group>";
		};
		0D758FED1A2FFFF60040D2AF /* LaunchScreen.xib */ = {
			isa = PBXVariantGroup;
			children = (
				0D758FEE1A2FFFF60040D2AF /* Base */,
			);
			name = LaunchScreen.xib;
			sourceTree = "<group>";
		};
/* End PBXVariantGroup section */

/* Begin XCBuildConfiguration section */
		0D758FFC1A2FFFF60040D2AF /* Debug */ = {
			isa = XCBuildConfiguration;
			buildSettings = {
				ALWAYS_SEARCH_USER_PATHS = NO;
				CLANG_CXX_LANGUAGE_STANDARD = "gnu++0x";
				CLANG_CXX_LIBRARY = "libc++";
				CLANG_ENABLE_MODULES = YES;
				CLANG_ENABLE_OBJC_ARC = YES;
				CLANG_WARN_BOOL_CONVERSION = YES;
				CLANG_WARN_CONSTANT_CONVERSION = YES;
				CLANG_WARN_DIRECT_OBJC_ISA_USAGE = YES_ERROR;
				CLANG_WARN_EMPTY_BODY = YES;
				CLANG_WARN_ENUM_CONVERSION = YES;
				CLANG_WARN_INT_CONVERSION = YES;
				CLANG_WARN_OBJC_ROOT_CLASS = YES_ERROR;
				CLANG_WARN_UNREACHABLE_CODE = YES;
				CLANG_WARN__DUPLICATE_METHOD_MATCH = YES;
				"CODE_SIGN_IDENTITY[sdk=iphoneos*]" = "iPhone Developer";
				COPY_PHASE_STRIP = NO;
				ENABLE_STRICT_OBJC_MSGSEND = YES;
				GCC_C_LANGUAGE_STANDARD = gnu99;
				GCC_DYNAMIC_NO_PIC = NO;
				GCC_OPTIMIZATION_LEVEL = 0;
				GCC_PREPROCESSOR_DEFINITIONS = (
					"DEBUG=1",
					"$(inherited)",
				);
				GCC_SYMBOLS_PRIVATE_EXTERN = NO;
				GCC_WARN_64_TO_32_BIT_CONVERSION = YES;
				GCC_WARN_ABOUT_RETURN_TYPE = YES_ERROR;
				GCC_WARN_UNDECLARED_SELECTOR = YES;
				GCC_WARN_UNINITIALIZED_AUTOS = YES_AGGRESSIVE;
				GCC_WARN_UNUSED_FUNCTION = YES;
				GCC_WARN_UNUSED_VARIABLE = YES;
				IPHONEOS_DEPLOYMENT_TARGET = 8.1;
				MTL_ENABLE_DEBUG_INFO = YES;
				ONLY_ACTIVE_ARCH = YES;
				SDKROOT = iphoneos;
			};
			name = Debug;
		};
		0D758FFD1A2FFFF60040D2AF /* Release */ = {
			isa = XCBuildConfiguration;
			buildSettings = {
				ALWAYS_SEARCH_USER_PATHS = NO;
				CLANG_CXX_LANGUAGE_STANDARD = "gnu++0x";
				CLANG_CXX_LIBRARY = "libc++";
				CLANG_ENABLE_MODULES = YES;
				CLANG_ENABLE_OBJC_ARC = YES;
				CLANG_WARN_BOOL_CONVERSION = YES;
				CLANG_WARN_CONSTANT_CONVERSION = YES;
				CLANG_WARN_DIRECT_OBJC_ISA_USAGE = YES_ERROR;
				CLANG_WARN_EMPTY_BODY = YES;
				CLANG_WARN_ENUM_CONVERSION = YES;
				CLANG_WARN_INT_CONVERSION = YES;
				CLANG_WARN_OBJC_ROOT_CLASS = YES_ERROR;
				CLANG_WARN_UNREACHABLE_CODE = YES;
				CLANG_WARN__DUPLICATE_METHOD_MATCH = YES;
				"CODE_SIGN_IDENTITY[sdk=iphoneos*]" = "iPhone Developer";
				COPY_PHASE_STRIP = YES;
				ENABLE_NS_ASSERTIONS = NO;
				ENABLE_STRICT_OBJC_MSGSEND = YES;
				GCC_C_LANGUAGE_STANDARD = gnu99;
				GCC_WARN_64_TO_32_BIT_CONVERSION = YES;
				GCC_WARN_ABOUT_RETURN_TYPE = YES_ERROR;
				GCC_WARN_UNDECLARED_SELECTOR = YES;
				GCC_WARN_UNINITIALIZED_AUTOS = YES_AGGRESSIVE;
				GCC_WARN_UNUSED_FUNCTION = YES;
				GCC_WARN_UNUSED_VARIABLE = YES;
				IPHONEOS_DEPLOYMENT_TARGET = 8.1;
				MTL_ENABLE_DEBUG_INFO = NO;
				SDKROOT = iphoneos;
				VALIDATE_PRODUCT = YES;
			};
			name = Release;
		};
		0D758FFF1A2FFFF60040D2AF /* Debug */ = {
			isa = XCBuildConfiguration;
			baseConfigurationReference = C3730FD2E45A1CA4F5040FF3 /* Pods.debug.xcconfig */;
			buildSettings = {
				ASSETCATALOG_COMPILER_APPICON_NAME = AppIcon;
				ASSETCATALOG_COMPILER_LAUNCHIMAGE_NAME = LaunchImage;
				INFOPLIST_FILE = InstagramPhotoPicker/Info.plist;
				IPHONEOS_DEPLOYMENT_TARGET = 7.0;
				LD_RUNPATH_SEARCH_PATHS = "$(inherited) @executable_path/Frameworks";
				PRODUCT_NAME = "$(TARGET_NAME)";
			};
			name = Debug;
		};
		0D7590001A2FFFF60040D2AF /* Release */ = {
			isa = XCBuildConfiguration;
			baseConfigurationReference = B9ADAC0B5D422DE703B50F16 /* Pods.release.xcconfig */;
			buildSettings = {
				ASSETCATALOG_COMPILER_APPICON_NAME = AppIcon;
				ASSETCATALOG_COMPILER_LAUNCHIMAGE_NAME = LaunchImage;
				INFOPLIST_FILE = InstagramPhotoPicker/Info.plist;
				IPHONEOS_DEPLOYMENT_TARGET = 7.0;
				LD_RUNPATH_SEARCH_PATHS = "$(inherited) @executable_path/Frameworks";
				PRODUCT_NAME = "$(TARGET_NAME)";
			};
			name = Release;
		};
		0D7590021A2FFFF60040D2AF /* Debug */ = {
			isa = XCBuildConfiguration;
			buildSettings = {
				BUNDLE_LOADER = "$(TEST_HOST)";
				FRAMEWORK_SEARCH_PATHS = (
					"$(SDKROOT)/Developer/Library/Frameworks",
					"$(inherited)",
				);
				GCC_PREPROCESSOR_DEFINITIONS = (
					"DEBUG=1",
					"$(inherited)",
				);
				INFOPLIST_FILE = InstagramPhotoPickerTests/Info.plist;
				LD_RUNPATH_SEARCH_PATHS = "$(inherited) @executable_path/Frameworks @loader_path/Frameworks";
				PRODUCT_NAME = "$(TARGET_NAME)";
				TEST_HOST = "$(BUILT_PRODUCTS_DIR)/InstagramPhotoPicker.app/InstagramPhotoPicker";
			};
			name = Debug;
		};
		0D7590031A2FFFF60040D2AF /* Release */ = {
			isa = XCBuildConfiguration;
			buildSettings = {
				BUNDLE_LOADER = "$(TEST_HOST)";
				FRAMEWORK_SEARCH_PATHS = (
					"$(SDKROOT)/Developer/Library/Frameworks",
					"$(inherited)",
				);
				INFOPLIST_FILE = InstagramPhotoPickerTests/Info.plist;
				LD_RUNPATH_SEARCH_PATHS = "$(inherited) @executable_path/Frameworks @loader_path/Frameworks";
				PRODUCT_NAME = "$(TARGET_NAME)";
				TEST_HOST = "$(BUILT_PRODUCTS_DIR)/InstagramPhotoPicker.app/InstagramPhotoPicker";
			};
			name = Release;
		};
/* End XCBuildConfiguration section */

/* Begin XCConfigurationList section */
		0D758FD61A2FFFF60040D2AF /* Build configuration list for PBXProject "InstagramPhotoPicker" */ = {
			isa = XCConfigurationList;
			buildConfigurations = (
				0D758FFC1A2FFFF60040D2AF /* Debug */,
				0D758FFD1A2FFFF60040D2AF /* Release */,
			);
			defaultConfigurationIsVisible = 0;
			defaultConfigurationName = Release;
		};
		0D758FFE1A2FFFF60040D2AF /* Build configuration list for PBXNativeTarget "InstagramPhotoPicker" */ = {
			isa = XCConfigurationList;
			buildConfigurations = (
				0D758FFF1A2FFFF60040D2AF /* Debug */,
				0D7590001A2FFFF60040D2AF /* Release */,
			);
			defaultConfigurationIsVisible = 0;
			defaultConfigurationName = Release;
		};
		0D7590011A2FFFF60040D2AF /* Build configuration list for PBXNativeTarget "InstagramPhotoPickerTests" */ = {
			isa = XCConfigurationList;
			buildConfigurations = (
				0D7590021A2FFFF60040D2AF /* Debug */,
				0D7590031A2FFFF60040D2AF /* Release */,
			);
			defaultConfigurationIsVisible = 0;
			defaultConfigurationName = Release;
		};
/* End XCConfigurationList section */
	};
	rootObject = 0D758FD31A2FFFF60040D2AF /* Project object */;
}
